
Microsoft Visual Studio Solution File, Format Version 12.00
# Visual Studio 15
VisualStudioVersion = 15.0.27004.2009
MinimumVisualStudioVersion = 10.0.40219.1
Project("{FAE04EC0-301F-11D3-BF4B-00C04F79EFBC}") = "IcomPtt", "IcomPtt\IcomPtt.csproj", "{DC5EBF15-24A0-4D11-ACB5-AC3A4884C296}"
EndProject
Global
	GlobalSection(SolutionConfigurationPlatforms) = preSolution
		Debug|Any CPU = Debug|Any CPU
		Release|Any CPU = Release|Any CPU
	EndGlobalSection
	GlobalSection(ProjectConfigurationPlatforms) = postSolution
		{DC5EBF15-24A0-4D11-ACB5-AC3A4884C296}.Debug|Any CPU.ActiveCfg = Debug|Any CPU
		{DC5EBF15-24A0-4D11-ACB5-AC3A4884C296}.Debug|Any CPU.Build.0 = Debug|Any CPU
		{DC5EBF15-24A0-4D11-ACB5-AC3A4884C296}.Release|Any CPU.ActiveCfg = Release|Any CPU
		{DC5EBF15-24A0-4D11-ACB5-AC3A4884C296}.Release|Any CPU.Build.0 = Release|Any CPU
	EndGlobalSection
	GlobalSection(SolutionProperties) = preSolution
		HideSolutionNode = FALSE
	EndGlobalSection
	GlobalSection(ExtensibilityGlobals) = postSolution
		SolutionGuid = {1AF8FFBD-6663-4E16-B7DE-F6884B5894C6}
	EndGlobalSection
EndGlobal
